
Microsoft Visual Studio Solution File, Format Version 12.00
# Visual Studio Version 17
VisualStudioVersion = 17.14.36518.9 d17.14
MinimumVisualStudioVersion = 10.0.40219.1
Project("{FAE04EC0-301F-11D3-BF4B-00C04F79EFBC}") = "QuanLySinhVienPhanTan", "QuanLySinhVienPhanTan.csproj", "{FAD3D949-8BF9-4959-B55F-94B6F3F4B824}"
EndProject
Global
	GlobalSection(SolutionConfigurationPlatforms) = preSolution
		Debug|Any CPU = Debug|Any CPU
		Release|Any CPU = Release|Any CPU
	EndGlobalSection
	GlobalSection(ProjectConfigurationPlatforms) = postSolution
		{FAD3D949-8BF9-4959-B55F-94B6F3F4B824}.Debug|Any CPU.ActiveCfg = Debug|Any CPU
		{FAD3D949-8BF9-4959-B55F-94B6F3F4B824}.Debug|Any CPU.Build.0 = Debug|Any CPU
		{FAD3D949-8BF9-4959-B55F-94B6F3F4B824}.Release|Any CPU.ActiveCfg = Release|Any CPU
		{FAD3D949-8BF9-4959-B55F-94B6F3F4B824}.Release|Any CPU.Build.0 = Release|Any CPU
	EndGlobalSection
	GlobalSection(SolutionProperties) = preSolution
		HideSolutionNode = FALSE
	EndGlobalSection
	GlobalSection(ExtensibilityGlobals) = postSolution
		SolutionGuid = {23482B9C-45A8-412F-979B-24F4D4746A98}
	EndGlobalSection
EndGlobal
